
Microsoft Visual Studio Solution File, Format Version 12.00
# Visual Studio 15
VisualStudioVersion = 15.0.27703.2018
MinimumVisualStudioVersion = 10.0.40219.1
Project("{FAE04EC0-301F-11D3-BF4B-00C04F79EFBC}") = "XamariHello.Android", "XamariHello\XamariHello.Android\XamariHello.Android.csproj", "{F22174C0-E4C8-48B2-946D-8860BCA42AD4}"
EndProject
Project("{FAE04EC0-301F-11D3-BF4B-00C04F79EFBC}") = "XamariHello.iOS", "XamariHello\XamariHello.iOS\XamariHello.iOS.csproj", "{40829F59-3B8E-464F-B0B9-79BC43250053}"
EndProject
Project("{FAE04EC0-301F-11D3-BF4B-00C04F79EFBC}") = "XamariHello.UWP", "XamariHello\XamariHello.UWP\XamariHello.UWP.csproj", "{2CEE143C-6950-4E03-A136-079937F1C60D}"
EndProject
Project("{FAE04EC0-301F-11D3-BF4B-00C04F79EFBC}") = "XamariHello", "XamariHello\XamariHello\XamariHello.csproj", "{29679439-347E-4A72-9AEF-94092636AC5E}"
EndProject
Global
	GlobalSection(SolutionConfigurationPlatforms) = preSolution
		Ad-Hoc|Any CPU = Ad-Hoc|Any CPU
		Ad-Hoc|ARM = Ad-Hoc|ARM
		Ad-Hoc|iPhone = Ad-Hoc|iPhone
		Ad-Hoc|iPhoneSimulator = Ad-Hoc|iPhoneSimulator
		Ad-Hoc|x64 = Ad-Hoc|x64
		Ad-Hoc|x86 = Ad-Hoc|x86
		AppStore|Any CPU = AppStore|Any CPU
		AppStore|ARM = AppStore|ARM
		AppStore|iPhone = AppStore|iPhone
		AppStore|iPhoneSimulator = AppStore|iPhoneSimulator
		AppStore|x64 = AppStore|x64
		AppStore|x86 = AppStore|x86
		Debug|Any CPU = Debug|Any CPU
		Debug|ARM = Debug|ARM
		Debug|iPhone = Debug|iPhone
		Debug|iPhoneSimulator = Debug|iPhoneSimulator
		Debug|x64 = Debug|x64
		Debug|x86 = Debug|x86
		Release|Any CPU = Release|Any CPU
		Release|ARM = Release|ARM
		Release|iPhone = Release|iPhone
		Release|iPhoneSimulator = Release|iPhoneSimulator
		Release|x64 = Release|x64
		Release|x86 = Release|x86
	EndGlobalSection
	GlobalSection(ProjectConfigurationPlatforms) = postSolution
		{F22174C0-E4C8-48B2-946D-8860BCA42AD4}.Ad-Hoc|Any CPU.ActiveCfg = Release|Any CPU
		{F22174C0-E4C8-48B2-946D-8860BCA42AD4}.Ad-Hoc|Any CPU.Build.0 = Release|Any CPU
		{F22174C0-E4C8-48B2-946D-8860BCA42AD4}.Ad-Hoc|Any CPU.Deploy.0 = Release|Any CPU
		{F22174C0-E4C8-48B2-946D-8860BCA42AD4}.Ad-Hoc|ARM.ActiveCfg = Release|Any CPU
		{F22174C0-E4C8-48B2-946D-8860BCA42AD4}.Ad-Hoc|ARM.Build.0 = Release|Any CPU
		{F22174C0-E4C8-48B2-946D-8860BCA42AD4}.Ad-Hoc|ARM.Deploy.0 = Release|Any CPU
		{F22174C0-E4C8-48B2-946D-8860BCA42AD4}.Ad-Hoc|iPhone.ActiveCfg = Release|Any CPU
		{F22174C0-E4C8-48B2-946D-8860BCA42AD4}.Ad-Hoc|iPhone.Build.0 = Release|Any CPU
		{F22174C0-E4C8-48B2-946D-8860BCA42AD4}.Ad-Hoc|iPhone.Deploy.0 = Release|Any CPU
		{F22174C0-E4C8-48B2-946D-8860BCA42AD4}.Ad-Hoc|iPhoneSimulator.ActiveCfg = Release|Any CPU
		{F22174C0-E4C8-48B2-946D-8860BCA42AD4}.Ad-Hoc|iPhoneSimulator.Build.0 = Release|Any CPU
		{F22174C0-E4C8-48B2-946D-8860BCA42AD4}.Ad-Hoc|iPhoneSimulator.Deploy.0 = Release|Any CPU
		{F22174C0-E4C8-48B2-946D-8860BCA42AD4}.Ad-Hoc|x64.ActiveCfg = Release|Any CPU
		{F22174C0-E4C8-48B2-946D-8860BCA42AD4}.Ad-Hoc|x64.Build.0 = Release|Any CPU
		{F22174C0-E4C8-48B2-946D-8860BCA42AD4}.Ad-Hoc|x64.Deploy.0 = Release|Any CPU
		{F22174C0-E4C8-48B2-946D-8860BCA42AD4}.Ad-Hoc|x86.ActiveCfg = Release|Any CPU
		{F22174C0-E4C8-48B2-946D-8860BCA42AD4}.Ad-Hoc|x86.Build.0 = Release|Any CPU
		{F22174C0-E4C8-48B2-946D-8860BCA42AD4}.Ad-Hoc|x86.Deploy.0 = Release|Any CPU
		{F22174C0-E4C8-48B2-946D-8860BCA42AD4}.AppStore|Any CPU.ActiveCfg = Release|Any CPU
		{F22174C0-E4C8-48B2-946D-8860BCA42AD4}.AppStore|Any CPU.Build.0 = Release|Any CPU
		{F22174C0-E4C8-48B2-946D-8860BCA42AD4}.AppStore|Any CPU.Deploy.0 = Release|Any CPU
		{F22174C0-E4C8-48B2-946D-8860BCA42AD4}.AppStore|ARM.ActiveCfg = Release|Any CPU
		{F22174C0-E4C8-48B2-946D-8860BCA42AD4}.AppStore|ARM.Build.0 = Release|Any CPU
		{F22174C0-E4C8-48B2-946D-8860BCA42AD4}.AppStore|ARM.Deploy.0 = Release|Any CPU
		{F22174C0-E4C8-48B2-946D-8860BCA42AD4}.AppStore|iPhone.ActiveCfg = Release|Any CPU
		{F22174C0-E4C8-48B2-946D-8860BCA42AD4}.AppStore|iPhone.Build.0 = Release|Any CPU
		{F22174C0-E4C8-48B2-946D-8860BCA42AD4}.AppStore|iPhone.Deploy.0 = Release|Any CPU
		{F22174C0-E4C8-48B2-946D-8860BCA42AD4}.AppStore|iPhoneSimulator.ActiveCfg = Release|Any CPU
		{F22174C0-E4C8-48B2-946D-8860BCA42AD4}.AppStore|iPhoneSimulator.Build.0 = Release|Any CPU
		{F22174C0-E4C8-48B2-946D-8860BCA42AD4}.AppStore|iPhoneSimulator.Deploy.0 = Release|Any CPU
		{F22174C0-E4C8-48B2-946D-8860BCA42AD4}.AppStore|x64.ActiveCfg = Release|Any CPU
		{F22174C0-E4C8-48B2-946D-8860BCA42AD4}.AppStore|x64.Build.0 = Release|Any CPU
		{F22174C0-E4C8-48B2-946D-8860BCA42AD4}.AppStore|x64.Deploy.0 = Release|Any CPU
		{F22174C0-E4C8-48B2-946D-8860BCA42AD4}.AppStore|x86.ActiveCfg = Release|Any CPU
		{F22174C0-E4C8-48B2-946D-8860BCA42AD4}.AppStore|x86.Build.0 = Release|Any CPU
		{F22174C0-E4C8-48B2-946D-8860BCA42AD4}.AppStore|x86.Deploy.0 = Release|Any CPU
		{F22174C0-E4C8-48B2-946D-8860BCA42AD4}.Debug|Any CPU.ActiveCfg = Debug|Any CPU
		{F22174C0-E4C8-48B2-946D-8860BCA42AD4}.Debug|Any CPU.Build.0 = Debug|Any CPU
		{F22174C0-E4C8-48B2-946D-8860BCA42AD4}.Debug|Any CPU.Deploy.0 = Debug|Any CPU
		{F22174C0-E4C8-48B2-946D-8860BCA42AD4}.Debug|ARM.ActiveCfg = Debug|Any CPU
		{F22174C0-E4C8-48B2-946D-8860BCA42AD4}.Debug|ARM.Build.0 = Debug|Any CPU
		{F22174C0-E4C8-48B2-946D-8860BCA42AD4}.Debug|ARM.Deploy.0 = Debug|Any CPU
		{F22174C0-E4C8-48B2-946D-8860BCA42AD4}.Debug|iPhone.ActiveCfg = Debug|Any CPU
		{F22174C0-E4C8-48B2-946D-8860BCA42AD4}.Debug|iPhone.Build.0 = Debug|Any CPU
		{F22174C0-E4C8-48B2-946D-8860BCA42AD4}.Debug|iPhone.Deploy.0 = Debug|Any CPU
		{F22174C0-E4C8-48B2-946D-8860BCA42AD4}.Debug|iPhoneSimulator.ActiveCfg = Debug|Any CPU
		{F22174C0-E4C8-48B2-946D-8860BCA42AD4}.Debug|iPhoneSimulator.Build.0 = Debug|Any CPU
		{F22174C0-E4C8-48B2-946D-8860BCA42AD4}.Debug|iPhoneSimulator.Deploy.0 = Debug|Any CPU
		{F22174C0-E4C8-48B2-946D-8860BCA42AD4}.Debug|x64.ActiveCfg = Debug|Any CPU
		{F22174C0-E4C8-48B2-946D-8860BCA42AD4}.Debug|x64.Build.0 = Debug|Any CPU
		{F22174C0-E4C8-48B2-946D-8860BCA42AD4}.Debug|x64.Deploy.0 = Debug|Any CPU
		{F22174C0-E4C8-48B2-946D-8860BCA42AD4}.Debug|x86.ActiveCfg = Debug|Any CPU
		{F22174C0-E4C8-48B2-946D-8860BCA42AD4}.Debug|x86.Build.0 = Debug|Any CPU
		{F22174C0-E4C8-48B2-946D-8860BCA42AD4}.Debug|x86.Deploy.0 = Debug|Any CPU
		{F22174C0-E4C8-48B2-946D-8860BCA42AD4}.Release|Any CPU.ActiveCfg = Release|Any CPU
		{F22174C0-E4C8-48B2-946D-8860BCA42AD4}.Release|Any CPU.Build.0 = Release|Any CPU
		{F22174C0-E4C8-48B2-946D-8860BCA42AD4}.Release|Any CPU.Deploy.0 = Release|Any CPU
		{F22174C0-E4C8-48B2-946D-8860BCA42AD4}.Release|ARM.ActiveCfg = Release|Any CPU
		{F22174C0-E4C8-48B2-946D-8860BCA42AD4}.Release|ARM.Build.0 = Release|Any CPU
		{F22174C0-E4C8-48B2-946D-8860BCA42AD4}.Release|ARM.Deploy.0 = Release|Any CPU
		{F22174C0-E4C8-48B2-946D-8860BCA42AD4}.Release|iPhone.ActiveCfg = Release|Any CPU
		{F22174C0-E4C8-48B2-946D-8860BCA42AD4}.Release|iPhone.Build.0 = Release|Any CPU
		{F22174C0-E4C8-48B2-946D-8860BCA42AD4}.Release|iPhone.Deploy.0 = Release|Any CPU
		{F22174C0-E4C8-48B2-946D-8860BCA42AD4}.Release|iPhoneSimulator.ActiveCfg = Release|Any CPU
		{F22174C0-E4C8-48B2-946D-8860BCA42AD4}.Release|iPhoneSimulator.Build.0 = Release|Any CPU
		{F22174C0-E4C8-48B2-946D-8860BCA42AD4}.Release|iPhoneSimulator.Deploy.0 = Release|Any CPU
		{F22174C0-E4C8-48B2-946D-8860BCA42AD4}.Release|x64.ActiveCfg = Release|Any CPU
		{F22174C0-E4C8-48B2-946D-8860BCA42AD4}.Release|x64.Build.0 = Release|Any CPU
		{F22174C0-E4C8-48B2-946D-8860BCA42AD4}.Release|x64.Deploy.0 = Release|Any CPU
		{F22174C0-E4C8-48B2-946D-8860BCA42AD4}.Release|x86.ActiveCfg = Release|Any CPU
		{F22174C0-E4C8-48B2-946D-8860BCA42AD4}.Release|x86.Build.0 = Release|Any CPU
		{F22174C0-E4C8-48B2-946D-8860BCA42AD4}.Release|x86.Deploy.0 = Release|Any CPU
		{40829F59-3B8E-464F-B0B9-79BC43250053}.Ad-Hoc|Any CPU.ActiveCfg = Ad-Hoc|iPhone
		{40829F59-3B8E-464F-B0B9-79BC43250053}.Ad-Hoc|Any CPU.Build.0 = Ad-Hoc|iPhone
		{40829F59-3B8E-464F-B0B9-79BC43250053}.Ad-Hoc|Any CPU.Deploy.0 = Ad-Hoc|iPhone
		{40829F59-3B8E-464F-B0B9-79BC43250053}.Ad-Hoc|ARM.ActiveCfg = Ad-Hoc|iPhone
		{40829F59-3B8E-464F-B0B9-79BC43250053}.Ad-Hoc|ARM.Build.0 = Ad-Hoc|iPhone
		{40829F59-3B8E-464F-B0B9-79BC43250053}.Ad-Hoc|ARM.Deploy.0 = Ad-Hoc|iPhone
		{40829F59-3B8E-464F-B0B9-79BC43250053}.Ad-Hoc|iPhone.ActiveCfg = Ad-Hoc|iPhone
		{40829F59-3B8E-464F-B0B9-79BC43250053}.Ad-Hoc|iPhone.Build.0 = Ad-Hoc|iPhone
		{40829F59-3B8E-464F-B0B9-79BC43250053}.Ad-Hoc|iPhone.Deploy.0 = Ad-Hoc|iPhone
		{40829F59-3B8E-464F-B0B9-79BC43250053}.Ad-Hoc|iPhoneSimulator.ActiveCfg = Ad-Hoc|iPhoneSimulator
		{40829F59-3B8E-464F-B0B9-79BC43250053}.Ad-Hoc|iPhoneSimulator.Build.0 = Ad-Hoc|iPhoneSimulator
		{40829F59-3B8E-464F-B0B9-79BC43250053}.Ad-Hoc|iPhoneSimulator.Deploy.0 = Ad-Hoc|iPhoneSimulator
		{40829F59-3B8E-464F-B0B9-79BC43250053}.Ad-Hoc|x64.ActiveCfg = Ad-Hoc|iPhone
		{40829F59-3B8E-464F-B0B9-79BC43250053}.Ad-Hoc|x64.Build.0 = Ad-Hoc|iPhone
		{40829F59-3B8E-464F-B0B9-79BC43250053}.Ad-Hoc|x64.Deploy.0 = Ad-Hoc|iPhone
		{40829F59-3B8E-464F-B0B9-79BC43250053}.Ad-Hoc|x86.ActiveCfg = Ad-Hoc|iPhone
		{40829F59-3B8E-464F-B0B9-79BC43250053}.Ad-Hoc|x86.Build.0 = Ad-Hoc|iPhone
		{40829F59-3B8E-464F-B0B9-79BC43250053}.Ad-Hoc|x86.Deploy.0 = Ad-Hoc|iPhone
		{40829F59-3B8E-464F-B0B9-79BC43250053}.AppStore|Any CPU.ActiveCfg = AppStore|iPhone
		{40829F59-3B8E-464F-B0B9-79BC43250053}.AppStore|Any CPU.Build.0 = AppStore|iPhone
		{40829F59-3B8E-464F-B0B9-79BC43250053}.AppStore|Any CPU.Deploy.0 = AppStore|iPhone
		{40829F59-3B8E-464F-B0B9-79BC43250053}.AppStore|ARM.ActiveCfg = AppStore|iPhone
		{40829F59-3B8E-464F-B0B9-79BC43250053}.AppStore|ARM.Build.0 = AppStore|iPhone
		{40829F59-3B8E-464F-B0B9-79BC43250053}.AppStore|ARM.Deploy.0 = AppStore|iPhone
		{40829F59-3B8E-464F-B0B9-79BC43250053}.AppStore|iPhone.ActiveCfg = AppStore|iPhone
		{40829F59-3B8E-464F-B0B9-79BC43250053}.AppStore|iPhone.Build.0 = AppStore|iPhone
		{40829F59-3B8E-464F-B0B9-79BC43250053}.AppStore|iPhone.Deploy.0 = AppStore|iPhone
		{40829F59-3B8E-464F-B0B9-79BC43250053}.AppStore|iPhoneSimulator.ActiveCfg = AppStore|iPhoneSimulator
		{40829F59-3B8E-464F-B0B9-79BC43250053}.AppStore|iPhoneSimulator.Build.0 = AppStore|iPhoneSimulator
		{40829F59-3B8E-464F-B0B9-79BC43250053}.AppStore|iPhoneSimulator.Deploy.0 = AppStore|iPhoneSimulator
		{40829F59-3B8E-464F-B0B9-79BC43250053}.AppStore|x64.ActiveCfg = AppStore|iPhone
		{40829F59-3B8E-464F-B0B9-79BC43250053}.AppStore|x64.Build.0 = AppStore|iPhone
		{40829F59-3B8E-464F-B0B9-79BC43250053}.AppStore|x64.Deploy.0 = AppStore|iPhone
		{40829F59-3B8E-464F-B0B9-79BC43250053}.AppStore|x86.ActiveCfg = AppStore|iPhone
		{40829F59-3B8E-464F-B0B9-79BC43250053}.AppStore|x86.Build.0 = AppStore|iPhone
		{40829F59-3B8E-464F-B0B9-79BC43250053}.AppStore|x86.Deploy.0 = AppStore|iPhone
		{40829F59-3B8E-464F-B0B9-79BC43250053}.Debug|Any CPU.ActiveCfg = Debug|iPhoneSimulator
		{40829F59-3B8E-464F-B0B9-79BC43250053}.Debug|Any CPU.Build.0 = Debug|iPhoneSimulator
		{40829F59-3B8E-464F-B0B9-79BC43250053}.Debug|Any CPU.Deploy.0 = Debug|iPhoneSimulator
		{40829F59-3B8E-464F-B0B9-79BC43250053}.Debug|ARM.ActiveCfg = Debug|iPhone
		{40829F59-3B8E-464F-B0B9-79BC43250053}.Debug|ARM.Build.0 = Debug|iPhone
		{40829F59-3B8E-464F-B0B9-79BC43250053}.Debug|ARM.Deploy.0 = Debug|iPhone
		{40829F59-3B8E-464F-B0B9-79BC43250053}.Debug|iPhone.ActiveCfg = Debug|iPhone
		{40829F59-3B8E-464F-B0B9-79BC43250053}.Debug|iPhone.Build.0 = Debug|iPhone
		{40829F59-3B8E-464F-B0B9-79BC43250053}.Debug|iPhone.Deploy.0 = Debug|iPhone
		{40829F59-3B8E-464F-B0B9-79BC43250053}.Debug|iPhoneSimulator.ActiveCfg = Debug|iPhoneSimulator
		{40829F59-3B8E-464F-B0B9-79BC43250053}.Debug|iPhoneSimulator.Build.0 = Debug|iPhoneSimulator
		{40829F59-3B8E-464F-B0B9-79BC43250053}.Debug|iPhoneSimulator.Deploy.0 = Debug|iPhoneSimulator
		{40829F59-3B8E-464F-B0B9-79BC43250053}.Debug|x64.ActiveCfg = Debug|iPhone
		{40829F59-3B8E-464F-B0B9-79BC43250053}.Debug|x64.Build.0 = Debug|iPhone
		{40829F59-3B8E-464F-B0B9-79BC43250053}.Debug|x64.Deploy.0 = Debug|iPhone
		{40829F59-3B8E-464F-B0B9-79BC43250053}.Debug|x86.ActiveCfg = Debug|iPhone
		{40829F59-3B8E-464F-B0B9-79BC43250053}.Debug|x86.Build.0 = Debug|iPhone
		{40829F59-3B8E-464F-B0B9-79BC43250053}.Debug|x86.Deploy.0 = Debug|iPhone
		{40829F59-3B8E-464F-B0B9-79BC43250053}.Release|Any CPU.ActiveCfg = Release|iPhone
		{40829F59-3B8E-464F-B0B9-79BC43250053}.Release|Any CPU.Build.0 = Release|iPhone
		{40829F59-3B8E-464F-B0B9-79BC43250053}.Release|Any CPU.Deploy.0 = Release|iPhone
		{40829F59-3B8E-464F-B0B9-79BC43250053}.Release|ARM.ActiveCfg = Release|iPhone
		{40829F59-3B8E-464F-B0B9-79BC43250053}.Release|ARM.Build.0 = Release|iPhone
		{40829F59-3B8E-464F-B0B9-79BC43250053}.Release|ARM.Deploy.0 = Release|iPhone
		{40829F59-3B8E-464F-B0B9-79BC43250053}.Release|iPhone.ActiveCfg = Release|iPhone
		{40829F59-3B8E-464F-B0B9-79BC43250053}.Release|iPhone.Build.0 = Release|iPhone
		{40829F59-3B8E-464F-B0B9-79BC43250053}.Release|iPhone.Deploy.0 = Release|iPhone
		{40829F59-3B8E-464F-B0B9-79BC43250053}.Release|iPhoneSimulator.ActiveCfg = Release|iPhoneSimulator
		{40829F59-3B8E-464F-B0B9-79BC43250053}.Release|iPhoneSimulator.Build.0 = Release|iPhoneSimulator
		{40829F59-3B8E-464F-B0B9-79BC43250053}.Release|iPhoneSimulator.Deploy.0 = Release|iPhoneSimulator
		{40829F59-3B8E-464F-B0B9-79BC43250053}.Release|x64.ActiveCfg = Release|iPhone
		{40829F59-3B8E-464F-B0B9-79BC43250053}.Release|x64.Build.0 = Release|iPhone
		{40829F59-3B8E-464F-B0B9-79BC43250053}.Release|x64.Deploy.0 = Release|iPhone
		{40829F59-3B8E-464F-B0B9-79BC43250053}.Release|x86.ActiveCfg = Release|iPhone
		{40829F59-3B8E-464F-B0B9-79BC43250053}.Release|x86.Build.0 = Release|iPhone
		{40829F59-3B8E-464F-B0B9-79BC43250053}.Release|x86.Deploy.0 = Release|iPhone
		{2CEE143C-6950-4E03-A136-079937F1C60D}.Ad-Hoc|Any CPU.ActiveCfg = Release|x86
		{2CEE143C-6950-4E03-A136-079937F1C60D}.Ad-Hoc|Any CPU.Build.0 = Release|x86
		{2CEE143C-6950-4E03-A136-079937F1C60D}.Ad-Hoc|Any CPU.Deploy.0 = Release|x86
		{2CEE143C-6950-4E03-A136-079937F1C60D}.Ad-Hoc|ARM.ActiveCfg = Release|ARM
		{2CEE143C-6950-4E03-A136-079937F1C60D}.Ad-Hoc|ARM.Build.0 = Release|ARM
		{2CEE143C-6950-4E03-A136-079937F1C60D}.Ad-Hoc|ARM.Deploy.0 = Release|ARM
		{2CEE143C-6950-4E03-A136-079937F1C60D}.Ad-Hoc|iPhone.ActiveCfg = Release|x86
		{2CEE143C-6950-4E03-A136-079937F1C60D}.Ad-Hoc|iPhone.Build.0 = Release|x86
		{2CEE143C-6950-4E03-A136-079937F1C60D}.Ad-Hoc|iPhone.Deploy.0 = Release|x86
		{2CEE143C-6950-4E03-A136-079937F1C60D}.Ad-Hoc|iPhoneSimulator.ActiveCfg = Release|x86
		{2CEE143C-6950-4E03-A136-079937F1C60D}.Ad-Hoc|iPhoneSimulator.Build.0 = Release|x86
		{2CEE143C-6950-4E03-A136-079937F1C60D}.Ad-Hoc|iPhoneSimulator.Deploy.0 = Release|x86
		{2CEE143C-6950-4E03-A136-079937F1C60D}.Ad-Hoc|x64.ActiveCfg = Release|x64
		{2CEE143C-6950-4E03-A136-079937F1C60D}.Ad-Hoc|x64.Build.0 = Release|x64
		{2CEE143C-6950-4E03-A136-079937F1C60D}.Ad-Hoc|x64.Deploy.0 = Release|x64
		{2CEE143C-6950-4E03-A136-079937F1C60D}.Ad-Hoc|x86.ActiveCfg = Release|x86
		{2CEE143C-6950-4E03-A136-079937F1C60D}.Ad-Hoc|x86.Build.0 = Release|x86
		{2CEE143C-6950-4E03-A136-079937F1C60D}.Ad-Hoc|x86.Deploy.0 = Release|x86
		{2CEE143C-6950-4E03-A136-079937F1C60D}.AppStore|Any CPU.ActiveCfg = Release|x86
		{2CEE143C-6950-4E03-A136-079937F1C60D}.AppStore|Any CPU.Build.0 = Release|x86
		{2CEE143C-6950-4E03-A136-079937F1C60D}.AppStore|Any CPU.Deploy.0 = Release|x86
		{2CEE143C-6950-4E03-A136-079937F1C60D}.AppStore|ARM.ActiveCfg = Release|ARM
		{2CEE143C-6950-4E03-A136-079937F1C60D}.AppStore|ARM.Build.0 = Release|ARM
		{2CEE143C-6950-4E03-A136-079937F1C60D}.AppStore|ARM.Deploy.0 = Release|ARM
		{2CEE143C-6950-4E03-A136-079937F1C60D}.AppStore|iPhone.ActiveCfg = Release|x86
		{2CEE143C-6950-4E03-A136-079937F1C60D}.AppStore|iPhone.Build.0 = Release|x86
		{2CEE143C-6950-4E03-A136-079937F1C60D}.AppStore|iPhone.Deploy.0 = Release|x86
		{2CEE143C-6950-4E03-A136-079937F1C60D}.AppStore|iPhoneSimulator.ActiveCfg = Release|x86
		{2CEE143C-6950-4E03-A136-079937F1C60D}.AppStore|iPhoneSimulator.Build.0 = Release|x86
		{2CEE143C-6950-4E03-A136-079937F1C60D}.AppStore|iPhoneSimulator.Deploy.0 = Release|x86
		{2CEE143C-6950-4E03-A136-079937F1C60D}.AppStore|x64.ActiveCfg = Release|x64
		{2CEE143C-6950-4E03-A136-079937F1C60D}.AppStore|x64.Build.0 = Release|x64
		{2CEE143C-6950-4E03-A136-079937F1C60D}.AppStore|x64.Deploy.0 = Release|x64
		{2CEE143C-6950-4E03-A136-079937F1C60D}.AppStore|x86.ActiveCfg = Release|x86
		{2CEE143C-6950-4E03-A136-079937F1C60D}.AppStore|x86.Build.0 = Release|x86
		{2CEE143C-6950-4E03-A136-079937F1C60D}.AppStore|x86.Deploy.0 = Release|x86
		{2CEE143C-6950-4E03-A136-079937F1C60D}.Debug|Any CPU.ActiveCfg = Debug|x86
		{2CEE143C-6950-4E03-A136-079937F1C60D}.Debug|Any CPU.Build.0 = Debug|x86
		{2CEE143C-6950-4E03-A136-079937F1C60D}.Debug|Any CPU.Deploy.0 = Debug|x86
		{2CEE143C-6950-4E03-A136-079937F1C60D}.Debug|ARM.ActiveCfg = Debug|ARM
		{2CEE143C-6950-4E03-A136-079937F1C60D}.Debug|ARM.Build.0 = Debug|ARM
		{2CEE143C-6950-4E03-A136-079937F1C60D}.Debug|ARM.Deploy.0 = Debug|ARM
		{2CEE143C-6950-4E03-A136-079937F1C60D}.Debug|iPhone.ActiveCfg = Debug|x86
		{2CEE143C-6950-4E03-A136-079937F1C60D}.Debug|iPhone.Build.0 = Debug|x86
		{2CEE143C-6950-4E03-A136-079937F1C60D}.Debug|iPhone.Deploy.0 = Debug|x86
		{2CEE143C-6950-4E03-A136-079937F1C60D}.Debug|iPhoneSimulator.ActiveCfg = Debug|x86
		{2CEE143C-6950-4E03-A136-079937F1C60D}.Debug|iPhoneSimulator.Build.0 = Debug|x86
		{2CEE143C-6950-4E03-A136-079937F1C60D}.Debug|iPhoneSimulator.Deploy.0 = Debug|x86
		{2CEE143C-6950-4E03-A136-079937F1C60D}.Debug|x64.ActiveCfg = Debug|x64
		{2CEE143C-6950-4E03-A136-079937F1C60D}.Debug|x64.Build.0 = Debug|x64
		{2CEE143C-6950-4E03-A136-079937F1C60D}.Debug|x64.Deploy.0 = Debug|x64
		{2CEE143C-6950-4E03-A136-079937F1C60D}.Debug|x86.ActiveCfg = Debug|x86
		{2CEE143C-6950-4E03-A136-079937F1C60D}.Debug|x86.Build.0 = Debug|x86
		{2CEE143C-6950-4E03-A136-079937F1C60D}.Debug|x86.Deploy.0 = Debug|x86
		{2CEE143C-6950-4E03-A136-079937F1C60D}.Release|Any CPU.ActiveCfg = Release|x86
		{2CEE143C-6950-4E03-A136-079937F1C60D}.Release|Any CPU.Build.0 = Release|x86
		{2CEE143C-6950-4E03-A136-079937F1C60D}.Release|Any CPU.Deploy.0 = Release|x86
		{2CEE143C-6950-4E03-A136-079937F1C60D}.Release|ARM.ActiveCfg = Release|ARM
		{2CEE143C-6950-4E03-A136-079937F1C60D}.Release|ARM.Build.0 = Release|ARM
		{2CEE143C-6950-4E03-A136-079937F1C60D}.Release|ARM.Deploy.0 = Release|ARM
		{2CEE143C-6950-4E03-A136-079937F1C60D}.Release|iPhone.ActiveCfg = Release|x86
		{2CEE143C-6950-4E03-A136-079937F1C60D}.Release|iPhone.Build.0 = Release|x86
		{2CEE143C-6950-4E03-A136-079937F1C60D}.Release|iPhone.Deploy.0 = Release|x86
		{2CEE143C-6950-4E03-A136-079937F1C60D}.Release|iPhoneSimulator.ActiveCfg = Release|x86
		{2CEE143C-6950-4E03-A136-079937F1C60D}.Release|iPhoneSimulator.Build.0 = Release|x86
		{2CEE143C-6950-4E03-A136-079937F1C60D}.Release|iPhoneSimulator.Deploy.0 = Release|x86
		{2CEE143C-6950-4E03-A136-079937F1C60D}.Release|x64.ActiveCfg = Release|x64
		{2CEE143C-6950-4E03-A136-079937F1C60D}.Release|x64.Build.0 = Release|x64
		{2CEE143C-6950-4E03-A136-079937F1C60D}.Release|x64.Deploy.0 = Release|x64
		{2CEE143C-6950-4E03-A136-079937F1C60D}.Release|x86.ActiveCfg = Release|x86
		{2CEE143C-6950-4E03-A136-079937F1C60D}.Release|x86.Build.0 = Release|x86
		{2CEE143C-6950-4E03-A136-079937F1C60D}.Release|x86.Deploy.0 = Release|x86
		{29679439-347E-4A72-9AEF-94092636AC5E}.Ad-Hoc|Any CPU.ActiveCfg = Debug|Any CPU
		{29679439-347E-4A72-9AEF-94092636AC5E}.Ad-Hoc|Any CPU.Build.0 = Debug|Any CPU
		{29679439-347E-4A72-9AEF-94092636AC5E}.Ad-Hoc|Any CPU.Deploy.0 = Debug|Any CPU
		{29679439-347E-4A72-9AEF-94092636AC5E}.Ad-Hoc|ARM.ActiveCfg = Debug|Any CPU
		{29679439-347E-4A72-9AEF-94092636AC5E}.Ad-Hoc|ARM.Build.0 = Debug|Any CPU
		{29679439-347E-4A72-9AEF-94092636AC5E}.Ad-Hoc|ARM.Deploy.0 = Debug|Any CPU
		{29679439-347E-4A72-9AEF-94092636AC5E}.Ad-Hoc|iPhone.ActiveCfg = Debug|Any CPU
		{29679439-347E-4A72-9AEF-94092636AC5E}.Ad-Hoc|iPhone.Build.0 = Debug|Any CPU
		{29679439-347E-4A72-9AEF-94092636AC5E}.Ad-Hoc|iPhone.Deploy.0 = Debug|Any CPU
		{29679439-347E-4A72-9AEF-94092636AC5E}.Ad-Hoc|iPhoneSimulator.ActiveCfg = Debug|Any CPU
		{29679439-347E-4A72-9AEF-94092636AC5E}.Ad-Hoc|iPhoneSimulator.Build.0 = Debug|Any CPU
		{29679439-347E-4A72-9AEF-94092636AC5E}.Ad-Hoc|iPhoneSimulator.Deploy.0 = Debug|Any CPU
		{29679439-347E-4A72-9AEF-94092636AC5E}.Ad-Hoc|x64.ActiveCfg = Debug|Any CPU
		{29679439-347E-4A72-9AEF-94092636AC5E}.Ad-Hoc|x64.Build.0 = Debug|Any CPU
		{29679439-347E-4A72-9AEF-94092636AC5E}.Ad-Hoc|x64.Deploy.0 = Debug|Any CPU
		{29679439-347E-4A72-9AEF-94092636AC5E}.Ad-Hoc|x86.ActiveCfg = Debug|Any CPU
		{29679439-347E-4A72-9AEF-94092636AC5E}.Ad-Hoc|x86.Build.0 = Debug|Any CPU
		{29679439-347E-4A72-9AEF-94092636AC5E}.Ad-Hoc|x86.Deploy.0 = Debug|Any CPU
		{29679439-347E-4A72-9AEF-94092636AC5E}.AppStore|Any CPU.ActiveCfg = Debug|Any CPU
		{29679439-347E-4A72-9AEF-94092636AC5E}.AppStore|Any CPU.Build.0 = Debug|Any CPU
		{29679439-347E-4A72-9AEF-94092636AC5E}.AppStore|Any CPU.Deploy.0 = Debug|Any CPU
		{29679439-347E-4A72-9AEF-94092636AC5E}.AppStore|ARM.ActiveCfg = Debug|Any CPU
		{29679439-347E-4A72-9AEF-94092636AC5E}.AppStore|ARM.Build.0 = Debug|Any CPU
		{29679439-347E-4A72-9AEF-94092636AC5E}.AppStore|ARM.Deploy.0 = Debug|Any CPU
		{29679439-347E-4A72-9AEF-94092636AC5E}.AppStore|iPhone.ActiveCfg = Debug|Any CPU
		{29679439-347E-4A72-9AEF-94092636AC5E}.AppStore|iPhone.Build.0 = Debug|Any CPU
		{29679439-347E-4A72-9AEF-94092636AC5E}.AppStore|iPhone.Deploy.0 = Debug|Any CPU
		{29679439-347E-4A72-9AEF-94092636AC5E}.AppStore|iPhoneSimulator.ActiveCfg = Debug|Any CPU
		{29679439-347E-4A72-9AEF-94092636AC5E}.AppStore|iPhoneSimulator.Build.0 = Debug|Any CPU
		{29679439-347E-4A72-9AEF-94092636AC5E}.AppStore|iPhoneSimulator.Deploy.0 = Debug|Any CPU
		{29679439-347E-4A72-9AEF-94092636AC5E}.AppStore|x64.ActiveCfg = Debug|Any CPU
		{29679439-347E-4A72-9AEF-94092636AC5E}.AppStore|x64.Build.0 = Debug|Any CPU
		{29679439-347E-4A72-9AEF-94092636AC5E}.AppStore|x64.Deploy.0 = Debug|Any CPU
		{29679439-347E-4A72-9AEF-94092636AC5E}.AppStore|x86.ActiveCfg = Debug|Any CPU
		{29679439-347E-4A72-9AEF-94092636AC5E}.AppStore|x86.Build.0 = Debug|Any CPU
		{29679439-347E-4A72-9AEF-94092636AC5E}.AppStore|x86.Deploy.0 = Debug|Any CPU
		{29679439-347E-4A72-9AEF-94092636AC5E}.Debug|Any CPU.ActiveCfg = Debug|Any CPU
		{29679439-347E-4A72-9AEF-94092636AC5E}.Debug|Any CPU.Build.0 = Debug|Any CPU
		{29679439-347E-4A72-9AEF-94092636AC5E}.Debug|Any CPU.Deploy.0 = Debug|Any CPU
		{29679439-347E-4A72-9AEF-94092636AC5E}.Debug|ARM.ActiveCfg = Debug|Any CPU
		{29679439-347E-4A72-9AEF-94092636AC5E}.Debug|ARM.Build.0 = Debug|Any CPU
		{29679439-347E-4A72-9AEF-94092636AC5E}.Debug|ARM.Deploy.0 = Debug|Any CPU
		{29679439-347E-4A72-9AEF-94092636AC5E}.Debug|iPhone.ActiveCfg = Debug|Any CPU
		{29679439-347E-4A72-9AEF-94092636AC5E}.Debug|iPhone.Build.0 = Debug|Any CPU
		{29679439-347E-4A72-9AEF-94092636AC5E}.Debug|iPhone.Deploy.0 = Debug|Any CPU
		{29679439-347E-4A72-9AEF-94092636AC5E}.Debug|iPhoneSimulator.ActiveCfg = Debug|Any CPU
		{29679439-347E-4A72-9AEF-94092636AC5E}.Debug|iPhoneSimulator.Build.0 = Debug|Any CPU
		{29679439-347E-4A72-9AEF-94092636AC5E}.Debug|iPhoneSimulator.Deploy.0 = Debug|Any CPU
		{29679439-347E-4A72-9AEF-94092636AC5E}.Debug|x64.ActiveCfg = Debug|Any CPU
		{29679439-347E-4A72-9AEF-94092636AC5E}.Debug|x64.Build.0 = Debug|Any CPU
		{29679439-347E-4A72-9AEF-94092636AC5E}.Debug|x64.Deploy.0 = Debug|Any CPU
		{29679439-347E-4A72-9AEF-94092636AC5E}.Debug|x86.ActiveCfg = Debug|Any CPU
		{29679439-347E-4A72-9AEF-94092636AC5E}.Debug|x86.Build.0 = Debug|Any CPU
		{29679439-347E-4A72-9AEF-94092636AC5E}.Debug|x86.Deploy.0 = Debug|Any CPU
		{29679439-347E-4A72-9AEF-94092636AC5E}.Release|Any CPU.ActiveCfg = Release|Any CPU
		{29679439-347E-4A72-9AEF-94092636AC5E}.Release|Any CPU.Build.0 = Release|Any CPU
		{29679439-347E-4A72-9AEF-94092636AC5E}.Release|Any CPU.Deploy.0 = Release|Any CPU
		{29679439-347E-4A72-9AEF-94092636AC5E}.Release|ARM.ActiveCfg = Release|Any CPU
		{29679439-347E-4A72-9AEF-94092636AC5E}.Release|ARM.Build.0 = Release|Any CPU
		{29679439-347E-4A72-9AEF-94092636AC5E}.Release|ARM.Deploy.0 = Release|Any CPU
		{29679439-347E-4A72-9AEF-94092636AC5E}.Release|iPhone.ActiveCfg = Release|Any CPU
		{29679439-347E-4A72-9AEF-94092636AC5E}.Release|iPhone.Build.0 = Release|Any CPU
		{29679439-347E-4A72-9AEF-94092636AC5E}.Release|iPhone.Deploy.0 = Release|Any CPU
		{29679439-347E-4A72-9AEF-94092636AC5E}.Release|iPhoneSimulator.ActiveCfg = Release|Any CPU
		{29679439-347E-4A72-9AEF-94092636AC5E}.Release|iPhoneSimulator.Build.0 = Release|Any CPU
		{29679439-347E-4A72-9AEF-94092636AC5E}.Release|iPhoneSimulator.Deploy.0 = Release|Any CPU
		{29679439-347E-4A72-9AEF-94092636AC5E}.Release|x64.ActiveCfg = Release|Any CPU
		{29679439-347E-4A72-9AEF-94092636AC5E}.Release|x64.Build.0 = Release|Any CPU
		{29679439-347E-4A72-9AEF-94092636AC5E}.Release|x64.Deploy.0 = Release|Any CPU
		{29679439-347E-4A72-9AEF-94092636AC5E}.Release|x86.ActiveCfg = Release|Any CPU
		{29679439-347E-4A72-9AEF-94092636AC5E}.Release|x86.Build.0 = Release|Any CPU
		{29679439-347E-4A72-9AEF-94092636AC5E}.Release|x86.Deploy.0 = Release|Any CPU
	EndGlobalSection
	GlobalSection(SolutionProperties) = preSolution
		HideSolutionNode = FALSE
	EndGlobalSection
	GlobalSection(ExtensibilityGlobals) = postSolution
		SolutionGuid = {6C0CEBB9-3587-484E-A9D8-6927461376F8}
	EndGlobalSection
EndGlobal
